
Microsoft Visual Studio Solution File, Format Version 12.00
# Visual Studio 2012
Project("{F2A71F9B-5D33-465A-A702-920D77279786}") = "GamesPreprocessor", "GamesPreprocessor.fsproj", "{73BEC514-8762-4867-90D3-BD099B47692C}"
EndProject
Global
	GlobalSection(SolutionConfigurationPlatforms) = preSolution
		Debug|Any CPU = Debug|Any CPU
		Release|Any CPU = Release|Any CPU
	EndGlobalSection
	GlobalSection(ProjectConfigurationPlatforms) = postSolution
		{73BEC514-8762-4867-90D3-BD099B47692C}.Debug|Any CPU.ActiveCfg = Debug|Any CPU
		{73BEC514-8762-4867-90D3-BD099B47692C}.Debug|Any CPU.Build.0 = Debug|Any CPU
		{73BEC514-8762-4867-90D3-BD099B47692C}.Release|Any CPU.ActiveCfg = Release|Any CPU
		{73BEC514-8762-4867-90D3-BD099B47692C}.Release|Any CPU.Build.0 = Release|Any CPU
	EndGlobalSection
	GlobalSection(SolutionProperties) = preSolution
		HideSolutionNode = FALSE
	EndGlobalSection
EndGlobal
